
Microsoft Visual Studio Solution File, Format Version 12.00
# Visual Studio Version 16
VisualStudioVersion = 16.0.30114.105
MinimumVisualStudioVersion = 10.0.40219.1
Project("{FAE04EC0-301F-11D3-BF4B-00C04F79EFBC}") = "ProEventos.Application", "ProEventos.Application\ProEventos.Application.csproj", "{7DFEF851-658A-49EC-A94A-3BF3164C2CE3}"
EndProject
Project("{FAE04EC0-301F-11D3-BF4B-00C04F79EFBC}") = "ProEventos.Domain", "ProEventos.Domain\ProEventos.Domain.csproj", "{5299A296-630D-4896-B4BD-9BA8A4A17ACD}"
EndProject
Project("{FAE04EC0-301F-11D3-BF4B-00C04F79EFBC}") = "ProEventos.API", "ProEventos.API\ProEventos.API.csproj", "{CC412217-2908-4FE0-B513-92ADFA773930}"
EndProject
Project("{FAE04EC0-301F-11D3-BF4B-00C04F79EFBC}") = "ProEventos.Persistence", "ProEventos.Persistence\ProEventos.Persistence.csproj", "{5BE5CC17-C6ED-4E27-9A90-A0B316D5BC9A}"
EndProject
Global
	GlobalSection(SolutionConfigurationPlatforms) = preSolution
		Debug|Any CPU = Debug|Any CPU
		Debug|x64 = Debug|x64
		Debug|x86 = Debug|x86
		Release|Any CPU = Release|Any CPU
		Release|x64 = Release|x64
		Release|x86 = Release|x86
	EndGlobalSection
	GlobalSection(SolutionProperties) = preSolution
		HideSolutionNode = FALSE
	EndGlobalSection
	GlobalSection(ProjectConfigurationPlatforms) = postSolution
		{7DFEF851-658A-49EC-A94A-3BF3164C2CE3}.Debug|Any CPU.ActiveCfg = Debug|Any CPU
		{7DFEF851-658A-49EC-A94A-3BF3164C2CE3}.Debug|Any CPU.Build.0 = Debug|Any CPU
		{7DFEF851-658A-49EC-A94A-3BF3164C2CE3}.Debug|x64.ActiveCfg = Debug|Any CPU
		{7DFEF851-658A-49EC-A94A-3BF3164C2CE3}.Debug|x64.Build.0 = Debug|Any CPU
		{7DFEF851-658A-49EC-A94A-3BF3164C2CE3}.Debug|x86.ActiveCfg = Debug|Any CPU
		{7DFEF851-658A-49EC-A94A-3BF3164C2CE3}.Debug|x86.Build.0 = Debug|Any CPU
		{7DFEF851-658A-49EC-A94A-3BF3164C2CE3}.Release|Any CPU.ActiveCfg = Release|Any CPU
		{7DFEF851-658A-49EC-A94A-3BF3164C2CE3}.Release|Any CPU.Build.0 = Release|Any CPU
		{7DFEF851-658A-49EC-A94A-3BF3164C2CE3}.Release|x64.ActiveCfg = Release|Any CPU
		{7DFEF851-658A-49EC-A94A-3BF3164C2CE3}.Release|x64.Build.0 = Release|Any CPU
		{7DFEF851-658A-49EC-A94A-3BF3164C2CE3}.Release|x86.ActiveCfg = Release|Any CPU
		{7DFEF851-658A-49EC-A94A-3BF3164C2CE3}.Release|x86.Build.0 = Release|Any CPU
		{5299A296-630D-4896-B4BD-9BA8A4A17ACD}.Debug|Any CPU.ActiveCfg = Debug|Any CPU
		{5299A296-630D-4896-B4BD-9BA8A4A17ACD}.Debug|Any CPU.Build.0 = Debug|Any CPU
		{5299A296-630D-4896-B4BD-9BA8A4A17ACD}.Debug|x64.ActiveCfg = Debug|Any CPU
		{5299A296-630D-4896-B4BD-9BA8A4A17ACD}.Debug|x64.Build.0 = Debug|Any CPU
		{5299A296-630D-4896-B4BD-9BA8A4A17ACD}.Debug|x86.ActiveCfg = Debug|Any CPU
		{5299A296-630D-4896-B4BD-9BA8A4A17ACD}.Debug|x86.Build.0 = Debug|Any CPU
		{5299A296-630D-4896-B4BD-9BA8A4A17ACD}.Release|Any CPU.ActiveCfg = Release|Any CPU
		{5299A296-630D-4896-B4BD-9BA8A4A17ACD}.Release|Any CPU.Build.0 = Release|Any CPU
		{5299A296-630D-4896-B4BD-9BA8A4A17ACD}.Release|x64.ActiveCfg = Release|Any CPU
		{5299A296-630D-4896-B4BD-9BA8A4A17ACD}.Release|x64.Build.0 = Release|Any CPU
		{5299A296-630D-4896-B4BD-9BA8A4A17ACD}.Release|x86.ActiveCfg = Release|Any CPU
		{5299A296-630D-4896-B4BD-9BA8A4A17ACD}.Release|x86.Build.0 = Release|Any CPU
		{CC412217-2908-4FE0-B513-92ADFA773930}.Debug|Any CPU.ActiveCfg = Debug|Any CPU
		{CC412217-2908-4FE0-B513-92ADFA773930}.Debug|Any CPU.Build.0 = Debug|Any CPU
		{CC412217-2908-4FE0-B513-92ADFA773930}.Debug|x64.ActiveCfg = Debug|Any CPU
		{CC412217-2908-4FE0-B513-92ADFA773930}.Debug|x64.Build.0 = Debug|Any CPU
		{CC412217-2908-4FE0-B513-92ADFA773930}.Debug|x86.ActiveCfg = Debug|Any CPU
		{CC412217-2908-4FE0-B513-92ADFA773930}.Debug|x86.Build.0 = Debug|Any CPU
		{CC412217-2908-4FE0-B513-92ADFA773930}.Release|Any CPU.ActiveCfg = Release|Any CPU
		{CC412217-2908-4FE0-B513-92ADFA773930}.Release|Any CPU.Build.0 = Release|Any CPU
		{CC412217-2908-4FE0-B513-92ADFA773930}.Release|x64.ActiveCfg = Release|Any CPU
		{CC412217-2908-4FE0-B513-92ADFA773930}.Release|x64.Build.0 = Release|Any CPU
		{CC412217-2908-4FE0-B513-92ADFA773930}.Release|x86.ActiveCfg = Release|Any CPU
		{CC412217-2908-4FE0-B513-92ADFA773930}.Release|x86.Build.0 = Release|Any CPU
		{5BE5CC17-C6ED-4E27-9A90-A0B316D5BC9A}.Debug|Any CPU.ActiveCfg = Debug|Any CPU
		{5BE5CC17-C6ED-4E27-9A90-A0B316D5BC9A}.Debug|Any CPU.Build.0 = Debug|Any CPU
		{5BE5CC17-C6ED-4E27-9A90-A0B316D5BC9A}.Debug|x64.ActiveCfg = Debug|Any CPU
		{5BE5CC17-C6ED-4E27-9A90-A0B316D5BC9A}.Debug|x64.Build.0 = Debug|Any CPU
		{5BE5CC17-C6ED-4E27-9A90-A0B316D5BC9A}.Debug|x86.ActiveCfg = Debug|Any CPU
		{5BE5CC17-C6ED-4E27-9A90-A0B316D5BC9A}.Debug|x86.Build.0 = Debug|Any CPU
		{5BE5CC17-C6ED-4E27-9A90-A0B316D5BC9A}.Release|Any CPU.ActiveCfg = Release|Any CPU
		{5BE5CC17-C6ED-4E27-9A90-A0B316D5BC9A}.Release|Any CPU.Build.0 = Release|Any CPU
		{5BE5CC17-C6ED-4E27-9A90-A0B316D5BC9A}.Release|x64.ActiveCfg = Release|Any CPU
		{5BE5CC17-C6ED-4E27-9A90-A0B316D5BC9A}.Release|x64.Build.0 = Release|Any CPU
		{5BE5CC17-C6ED-4E27-9A90-A0B316D5BC9A}.Release|x86.ActiveCfg = Release|Any CPU
		{5BE5CC17-C6ED-4E27-9A90-A0B316D5BC9A}.Release|x86.Build.0 = Release|Any CPU
	EndGlobalSection
EndGlobal
